
Microsoft Visual Studio Solution File, Format Version 11.00
# Visual Studio 2010
Project("{8BC9CEB8-8B4A-11D0-8D11-00A0C91BC942}") = "csvtodat", "csvtodat\csvtodat.vcxproj", "{2F9E75D9-8AC8-4D50-A703-50CB14DA9168}"
EndProject
Global
	GlobalSection(SolutionConfigurationPlatforms) = preSolution
		Debug|Win32 = Debug|Win32
		Release|Win32 = Release|Win32
	EndGlobalSection
	GlobalSection(ProjectConfigurationPlatforms) = postSolution
		{2F9E75D9-8AC8-4D50-A703-50CB14DA9168}.Debug|Win32.ActiveCfg = Debug|Win32
		{2F9E75D9-8AC8-4D50-A703-50CB14DA9168}.Debug|Win32.Build.0 = Debug|Win32
		{2F9E75D9-8AC8-4D50-A703-50CB14DA9168}.Release|Win32.ActiveCfg = Release|Win32
		{2F9E75D9-8AC8-4D50-A703-50CB14DA9168}.Release|Win32.Build.0 = Release|Win32
	EndGlobalSection
	GlobalSection(SolutionProperties) = preSolution
		HideSolutionNode = FALSE
	EndGlobalSection
EndGlobal
